# THIS IS AN AUTOGENERATED FILE. DO NOT EDIT THIS FILE DIRECTLY.
# yarn lockfile v1


"@jridgewell/gen-mapping@^0.3.0":
  version "0.3.2"
  resolved "http://r.npm.sankuai.com/@jridgewell/gen-mapping/download/@jridgewell/gen-mapping-0.3.2.tgz#c1aedc61e853f2bb9f5dfe6d4442d3b565b253b9"
  integrity sha1-wa7cYehT8rufXf5tRELTtWWyU7k=
  dependencies:
    "@jridgewell/set-array" "^1.0.1"
    "@jridgewell/sourcemap-codec" "^1.4.10"
    "@jridgewell/trace-mapping" "^0.3.9"

"@jridgewell/resolve-uri@^3.0.3":
  version "3.1.0"
  resolved "http://r.npm.sankuai.com/@jridgewell/resolve-uri/download/@jridgewell/resolve-uri-3.1.0.tgz#2203b118c157721addfe69d47b70465463066d78"
  integrity sha1-IgOxGMFXchrd/mnUe3BGVGMGbXg=

"@jridgewell/set-array@^1.0.1":
  version "1.1.2"
  resolved "http://r.npm.sankuai.com/@jridgewell/set-array/download/@jridgewell/set-array-1.1.2.tgz#7c6cf998d6d20b914c0a55a91ae928ff25965e72"
  integrity sha1-fGz5mNbSC5FMClWpGuko/yWWXnI=

"@jridgewell/source-map@^0.3.2":
  version "0.3.2"
  resolved "http://r.npm.sankuai.com/@jridgewell/source-map/download/@jridgewell/source-map-0.3.2.tgz#f45351aaed4527a298512ec72f81040c998580fb"
  integrity sha1-9FNRqu1FJ6KYUS7HL4EEDJmFgPs=
  dependencies:
    "@jridgewell/gen-mapping" "^0.3.0"
    "@jridgewell/trace-mapping" "^0.3.9"

"@jridgewell/sourcemap-codec@^1.4.10":
  version "1.4.14"
  resolved "http://r.npm.sankuai.com/@jridgewell/sourcemap-codec/download/@jridgewell/sourcemap-codec-1.4.14.tgz#add4c98d341472a289190b424efbdb096991bb24"
  integrity sha1-rdTJjTQUcqKJGQtCTvvbCWmRuyQ=

"@jridgewell/trace-mapping@^0.3.7", "@jridgewell/trace-mapping@^0.3.9":
  version "0.3.14"
  resolved "http://r.npm.sankuai.com/@jridgewell/trace-mapping/download/@jridgewell/trace-mapping-0.3.14.tgz#b231a081d8f66796e475ad588a1ef473112701ed"
  integrity sha1-sjGggdj2Z5bkda1Yih70cxEnAe0=
  dependencies:
    "@jridgewell/resolve-uri" "^3.0.3"
    "@jridgewell/sourcemap-codec" "^1.4.10"

"@types/eslint-scope@^3.7.3":
  version "3.7.4"
  resolved "http://r.npm.sankuai.com/@types/eslint-scope/download/@types/eslint-scope-3.7.4.tgz#37fc1223f0786c39627068a12e94d6e6fc61de16"
  integrity sha1-N/wSI/B4bDlicGihLpTW5vxh3hY=
  dependencies:
    "@types/eslint" "*"
    "@types/estree" "*"

"@types/eslint@*":
  version "8.4.5"
  resolved "http://r.npm.sankuai.com/@types/eslint/download/@types/eslint-8.4.5.tgz#acdfb7dd36b91cc5d812d7c093811a8f3d9b31e4"
  integrity sha1-rN+33Ta5HMXYEtfAk4Eajz2bMeQ=
  dependencies:
    "@types/estree" "*"
    "@types/json-schema" "*"

"@types/estree@*":
  version "1.0.0"
  resolved "http://r.npm.sankuai.com/@types/estree/download/@types/estree-1.0.0.tgz#5fb2e536c1ae9bf35366eed879e827fa59ca41c2"
  integrity sha1-X7LlNsGum/NTZu7Yeegn+lnKQcI=

"@types/estree@^0.0.51":
  version "0.0.51"
  resolved "http://r.npm.sankuai.com/@types/estree/download/@types/estree-0.0.51.tgz#cfd70924a25a3fd32b218e5e420e6897e1ac4f40"
  integrity sha1-z9cJJKJaP9MrIY5eQg5ol+GsT0A=

"@types/json-schema@*", "@types/json-schema@^7.0.8":
  version "7.0.11"
  resolved "http://r.npm.sankuai.com/@types/json-schema/download/@types/json-schema-7.0.11.tgz#d421b6c527a3037f7c84433fd2c4229e016863d3"
  integrity sha1-1CG2xSejA398hEM/0sQingFoY9M=

"@types/node@*":
  version "18.6.5"
  resolved "http://r.npm.sankuai.com/@types/node/download/@types/node-18.6.5.tgz#06caea822caf9e59d5034b695186ee74154d2802"
  integrity sha1-BsrqgiyvnlnVA0tpUYbudBVNKAI=

"@webassemblyjs/ast@1.11.1":
  version "1.11.1"
  resolved "http://r.npm.sankuai.com/@webassemblyjs/ast/download/@webassemblyjs/ast-1.11.1.tgz#2bfd767eae1a6996f432ff7e8d7fc75679c0b6a7"
  integrity sha1-K/12fq4aaZb0Mv9+jX/HVnnAtqc=
  dependencies:
    "@webassemblyjs/helper-numbers" "1.11.1"
    "@webassemblyjs/helper-wasm-bytecode" "1.11.1"

"@webassemblyjs/floating-point-hex-parser@1.11.1":
  version "1.11.1"
  resolved "http://r.npm.sankuai.com/@webassemblyjs/floating-point-hex-parser/download/@webassemblyjs/floating-point-hex-parser-1.11.1.tgz#f6c61a705f0fd7a6aecaa4e8198f23d9dc179e4f"
  integrity sha1-9sYacF8P16auyqToGY8j2dwXnk8=

"@webassemblyjs/helper-api-error@1.11.1":
  version "1.11.1"
  resolved "http://r.npm.sankuai.com/@webassemblyjs/helper-api-error/download/@webassemblyjs/helper-api-error-1.11.1.tgz#1a63192d8788e5c012800ba6a7a46c705288fd16"
  integrity sha1-GmMZLYeI5cASgAump6RscFKI/RY=

"@webassemblyjs/helper-buffer@1.11.1":
  version "1.11.1"
  resolved "http://r.npm.sankuai.com/@webassemblyjs/helper-buffer/download/@webassemblyjs/helper-buffer-1.11.1.tgz#832a900eb444884cde9a7cad467f81500f5e5ab5"
  integrity sha1-gyqQDrREiEzemnytRn+BUA9eWrU=

"@webassemblyjs/helper-numbers@1.11.1":
  version "1.11.1"
  resolved "http://r.npm.sankuai.com/@webassemblyjs/helper-numbers/download/@webassemblyjs/helper-numbers-1.11.1.tgz#64d81da219fbbba1e3bd1bfc74f6e8c4e10a62ae"
  integrity sha1-ZNgdohn7u6HjvRv8dPboxOEKYq4=
  dependencies:
    "@webassemblyjs/floating-point-hex-parser" "1.11.1"
    "@webassemblyjs/helper-api-error" "1.11.1"
    "@xtuc/long" "4.2.2"

"@webassemblyjs/helper-wasm-bytecode@1.11.1":
  version "1.11.1"
  resolved "http://r.npm.sankuai.com/@webassemblyjs/helper-wasm-bytecode/download/@webassemblyjs/helper-wasm-bytecode-1.11.1.tgz#f328241e41e7b199d0b20c18e88429c4433295e1"
  integrity sha1-8ygkHkHnsZnQsgwY6IQpxEMyleE=

"@webassemblyjs/helper-wasm-section@1.11.1":
  version "1.11.1"
  resolved "http://r.npm.sankuai.com/@webassemblyjs/helper-wasm-section/download/@webassemblyjs/helper-wasm-section-1.11.1.tgz#21ee065a7b635f319e738f0dd73bfbda281c097a"
  integrity sha1-Ie4GWntjXzGec48N1zv72igcCXo=
  dependencies:
    "@webassemblyjs/ast" "1.11.1"
    "@webassemblyjs/helper-buffer" "1.11.1"
    "@webassemblyjs/helper-wasm-bytecode" "1.11.1"
    "@webassemblyjs/wasm-gen" "1.11.1"

"@webassemblyjs/ieee754@1.11.1":
  version "1.11.1"
  resolved "http://r.npm.sankuai.com/@webassemblyjs/ieee754/download/@webassemblyjs/ieee754-1.11.1.tgz#963929e9bbd05709e7e12243a099180812992614"
  integrity sha1-ljkp6bvQVwnn4SJDoJkYCBKZJhQ=
  dependencies:
    "@xtuc/ieee754" "^1.2.0"

"@webassemblyjs/leb128@1.11.1":
  version "1.11.1"
  resolved "http://r.npm.sankuai.com/@webassemblyjs/leb128/download/@webassemblyjs/leb128-1.11.1.tgz#ce814b45574e93d76bae1fb2644ab9cdd9527aa5"
  integrity sha1-zoFLRVdOk9drrh+yZEq5zdlSeqU=
  dependencies:
    "@xtuc/long" "4.2.2"

"@webassemblyjs/utf8@1.11.1":
  version "1.11.1"
  resolved "http://r.npm.sankuai.com/@webassemblyjs/utf8/download/@webassemblyjs/utf8-1.11.1.tgz#d1f8b764369e7c6e6bae350e854dec9a59f0a3ff"
  integrity sha1-0fi3ZDaefG5rrjUOhU3smlnwo/8=

"@webassemblyjs/wasm-edit@1.11.1":
  version "1.11.1"
  resolved "http://r.npm.sankuai.com/@webassemblyjs/wasm-edit/download/@webassemblyjs/wasm-edit-1.11.1.tgz#ad206ebf4bf95a058ce9880a8c092c5dec8193d6"
  integrity sha1-rSBuv0v5WgWM6YgKjAksXeyBk9Y=
  dependencies:
    "@webassemblyjs/ast" "1.11.1"
    "@webassemblyjs/helper-buffer" "1.11.1"
    "@webassemblyjs/helper-wasm-bytecode" "1.11.1"
    "@webassemblyjs/helper-wasm-section" "1.11.1"
    "@webassemblyjs/wasm-gen" "1.11.1"
    "@webassemblyjs/wasm-opt" "1.11.1"
    "@webassemblyjs/wasm-parser" "1.11.1"
    "@webassemblyjs/wast-printer" "1.11.1"

"@webassemblyjs/wasm-gen@1.11.1":
  version "1.11.1"
  resolved "http://r.npm.sankuai.com/@webassemblyjs/wasm-gen/download/@webassemblyjs/wasm-gen-1.11.1.tgz#86c5ea304849759b7d88c47a32f4f039ae3c8f76"
  integrity sha1-hsXqMEhJdZt9iMR6MvTwOa48j3Y=
  dependencies:
    "@webassemblyjs/ast" "1.11.1"
    "@webassemblyjs/helper-wasm-bytecode" "1.11.1"
    "@webassemblyjs/ieee754" "1.11.1"
    "@webassemblyjs/leb128" "1.11.1"
    "@webassemblyjs/utf8" "1.11.1"

"@webassemblyjs/wasm-opt@1.11.1":
  version "1.11.1"
  resolved "http://r.npm.sankuai.com/@webassemblyjs/wasm-opt/download/@webassemblyjs/wasm-opt-1.11.1.tgz#657b4c2202f4cf3b345f8a4c6461c8c2418985f2"
  integrity sha1-ZXtMIgL0zzs0X4pMZGHIwkGJhfI=
  dependencies:
    "@webassemblyjs/ast" "1.11.1"
    "@webassemblyjs/helper-buffer" "1.11.1"
    "@webassemblyjs/wasm-gen" "1.11.1"
    "@webassemblyjs/wasm-parser" "1.11.1"

"@webassemblyjs/wasm-parser@1.11.1":
  version "1.11.1"
  resolved "http://r.npm.sankuai.com/@webassemblyjs/wasm-parser/download/@webassemblyjs/wasm-parser-1.11.1.tgz#86ca734534f417e9bd3c67c7a1c75d8be41fb199"
  integrity sha1-hspzRTT0F+m9PGfHocddi+QfsZk=
  dependencies:
    "@webassemblyjs/ast" "1.11.1"
    "@webassemblyjs/helper-api-error" "1.11.1"
    "@webassemblyjs/helper-wasm-bytecode" "1.11.1"
    "@webassemblyjs/ieee754" "1.11.1"
    "@webassemblyjs/leb128" "1.11.1"
    "@webassemblyjs/utf8" "1.11.1"

"@webassemblyjs/wast-printer@1.11.1":
  version "1.11.1"
  resolved "http://r.npm.sankuai.com/@webassemblyjs/wast-printer/download/@webassemblyjs/wast-printer-1.11.1.tgz#d0c73beda8eec5426f10ae8ef55cee5e7084c2f0"
  integrity sha1-0Mc77ajuxUJvEK6O9VzuXnCEwvA=
  dependencies:
    "@webassemblyjs/ast" "1.11.1"
    "@xtuc/long" "4.2.2"

"@xtuc/ieee754@^1.2.0":
  version "1.2.0"
  resolved "http://r.npm.sankuai.com/@xtuc/ieee754/download/@xtuc/ieee754-1.2.0.tgz#eef014a3145ae477a1cbc00cd1e552336dceb790"
  integrity sha1-7vAUoxRa5Hehy8AM0eVSM23Ot5A=

"@xtuc/long@4.2.2":
  version "4.2.2"
  resolved "http://r.npm.sankuai.com/@xtuc/long/download/@xtuc/long-4.2.2.tgz#d291c6a4e97989b5c61d9acf396ae4fe133a718d"
  integrity sha1-0pHGpOl5ibXGHZrPOWrk/hM6cY0=

acorn-import-assertions@^1.7.6:
  version "1.8.0"
  resolved "http://r.npm.sankuai.com/acorn-import-assertions/download/acorn-import-assertions-1.8.0.tgz#ba2b5939ce62c238db6d93d81c9b111b29b855e9"
  integrity sha1-uitZOc5iwjjbbZPYHJsRGym4Vek=

acorn@^8.5.0, acorn@^8.7.1:
  version "8.8.0"
  resolved "http://r.npm.sankuai.com/acorn/download/acorn-8.8.0.tgz#88c0187620435c7f6015803f5539dae05a9dbea8"
  integrity sha1-iMAYdiBDXH9gFYA/VTna4Fqdvqg=

ajv-keywords@^3.5.2:
  version "3.5.2"
  resolved "http://r.npm.sankuai.com/ajv-keywords/download/ajv-keywords-3.5.2.tgz#31f29da5ab6e00d1c2d329acf7b5929614d5014d"
  integrity sha1-MfKdpatuANHC0yms97WSlhTVAU0=

ajv@^6.12.5:
  version "6.12.6"
  resolved "http://r.npm.sankuai.com/ajv/download/ajv-6.12.6.tgz#baf5a62e802b07d977034586f8c3baf5adf26df4"
  integrity sha1-uvWmLoArB9l3A0WG+MO69a3ybfQ=
  dependencies:
    fast-deep-equal "^3.1.1"
    fast-json-stable-stringify "^2.0.0"
    json-schema-traverse "^0.4.1"
    uri-js "^4.2.2"

browserslist@^4.14.5:
  version "4.21.3"
  resolved "http://r.npm.sankuai.com/browserslist/download/browserslist-4.21.3.tgz#5df277694eb3c48bc5c4b05af3e8b7e09c5a6d1a"
  integrity sha1-XfJ3aU6zxIvFxLBa8+i34JxabRo=
  dependencies:
    caniuse-lite "^1.0.30001370"
    electron-to-chromium "^1.4.202"
    node-releases "^2.0.6"
    update-browserslist-db "^1.0.5"

buffer-from@^1.0.0:
  version "1.1.2"
  resolved "http://r.npm.sankuai.com/buffer-from/download/buffer-from-1.1.2.tgz#2b146a6fd72e80b4f55d255f35ed59a3a9a41bd5"
  integrity sha1-KxRqb9cugLT1XSVfNe1Zo6mkG9U=

caniuse-lite@^1.0.30001370:
  version "1.0.30001375"
  resolved "http://r.npm.sankuai.com/caniuse-lite/download/caniuse-lite-1.0.30001375.tgz#8e73bc3d1a4c800beb39f3163bf0190d7e5d7672"
  integrity sha1-jnO8PRpMgAvrOfMWO/AZDX5ddnI=

chrome-trace-event@^1.0.2:
  version "1.0.3"
  resolved "http://r.npm.sankuai.com/chrome-trace-event/download/chrome-trace-event-1.0.3.tgz#1015eced4741e15d06664a957dbbf50d041e26ac"
  integrity sha1-EBXs7UdB4V0GZkqVfbv1DQQeJqw=

commander@^2.20.0:
  version "2.20.3"
  resolved "http://r.npm.sankuai.com/commander/download/commander-2.20.3.tgz#fd485e84c03eb4881c20722ba48035e8531aeb33"
  integrity sha1-/UhehMA+tIgcIHIrpIA16FMa6zM=

electron-to-chromium@^1.4.202:
  version "1.4.206"
  resolved "http://r.npm.sankuai.com/electron-to-chromium/download/electron-to-chromium-1.4.206.tgz#580ff85b54d7ec0c05f20b1e37ea0becdd7b0ee4"
  integrity sha1-WA/4W1TX7AwF8gseN+oL7N17DuQ=

enhanced-resolve@^5.10.0:
  version "5.10.0"
  resolved "http://r.npm.sankuai.com/enhanced-resolve/download/enhanced-resolve-5.10.0.tgz#0dc579c3bb2a1032e357ac45b8f3a6f3ad4fb1e6"
  integrity sha1-DcV5w7sqEDLjV6xFuPOm861PseY=
  dependencies:
    graceful-fs "^4.2.4"
    tapable "^2.2.0"

es-module-lexer@^0.9.0:
  version "0.9.3"
  resolved "http://r.npm.sankuai.com/es-module-lexer/download/es-module-lexer-0.9.3.tgz#6f13db00cc38417137daf74366f535c8eb438f19"
  integrity sha1-bxPbAMw4QXE32vdDZvU1yOtDjxk=

escalade@^3.1.1:
  version "3.1.1"
  resolved "http://r.npm.sankuai.com/escalade/download/escalade-3.1.1.tgz#d8cfdc7000965c5a0174b4a82eaa5c0552742e40"
  integrity sha1-2M/ccACWXFoBdLSoLqpcBVJ0LkA=

eslint-scope@5.1.1:
  version "5.1.1"
  resolved "http://r.npm.sankuai.com/eslint-scope/download/eslint-scope-5.1.1.tgz#e786e59a66cb92b3f6c1fb0d508aab174848f48c"
  integrity sha1-54blmmbLkrP2wfsNUIqrF0hI9Iw=
  dependencies:
    esrecurse "^4.3.0"
    estraverse "^4.1.1"

esrecurse@^4.3.0:
  version "4.3.0"
  resolved "http://r.npm.sankuai.com/esrecurse/download/esrecurse-4.3.0.tgz#7ad7964d679abb28bee72cec63758b1c5d2c9921"
  integrity sha1-eteWTWeauyi+5yzsY3WLHF0smSE=
  dependencies:
    estraverse "^5.2.0"

estraverse@^4.1.1:
  version "4.3.0"
  resolved "http://r.npm.sankuai.com/estraverse/download/estraverse-4.3.0.tgz#398ad3f3c5a24948be7725e83d11a7de28cdbd1d"
  integrity sha1-OYrT88WiSUi+dyXoPRGn3ijNvR0=

estraverse@^5.2.0:
  version "5.3.0"
  resolved "http://r.npm.sankuai.com/estraverse/download/estraverse-5.3.0.tgz#2eea5290702f26ab8fe5370370ff86c965d21123"
  integrity sha1-LupSkHAvJquP5TcDcP+GyWXSESM=

events@^3.2.0:
  version "3.3.0"
  resolved "http://r.npm.sankuai.com/events/download/events-3.3.0.tgz#31a95ad0a924e2d2c419a813aeb2c4e878ea7400"
  integrity sha1-Mala0Kkk4tLEGagTrrLE6HjqdAA=

fast-deep-equal@^3.1.1:
  version "3.1.3"
  resolved "http://r.npm.sankuai.com/fast-deep-equal/download/fast-deep-equal-3.1.3.tgz#3a7d56b559d6cbc3eb512325244e619a65c6c525"
  integrity sha1-On1WtVnWy8PrUSMlJE5hmmXGxSU=

fast-json-stable-stringify@^2.0.0:
  version "2.1.0"
  resolved "http://r.npm.sankuai.com/fast-json-stable-stringify/download/fast-json-stable-stringify-2.1.0.tgz#874bf69c6f404c2b5d99c481341399fd55892633"
  integrity sha1-h0v2nG9ATCtdmcSBNBOZ/VWJJjM=

glob-to-regexp@^0.4.1:
  version "0.4.1"
  resolved "http://r.npm.sankuai.com/glob-to-regexp/download/glob-to-regexp-0.4.1.tgz#c75297087c851b9a578bd217dd59a92f59fe546e"
  integrity sha1-x1KXCHyFG5pXi9IX3VmpL1n+VG4=

graceful-fs@^4.1.2, graceful-fs@^4.2.4, graceful-fs@^4.2.9:
  version "4.2.10"
  resolved "http://r.npm.sankuai.com/graceful-fs/download/graceful-fs-4.2.10.tgz#147d3a006da4ca3ce14728c7aefc287c367d7a6c"
  integrity sha1-FH06AG2kyjzhRyjHrvwofDZ9emw=

has-flag@^4.0.0:
  version "4.0.0"
  resolved "http://r.npm.sankuai.com/has-flag/download/has-flag-4.0.0.tgz#944771fd9c81c81265c4d6941860da06bb59479b"
  integrity sha1-lEdx/ZyByBJlxNaUGGDaBrtZR5s=

jest-worker@^27.4.5:
  version "27.5.1"
  resolved "http://r.npm.sankuai.com/jest-worker/download/jest-worker-27.5.1.tgz#8d146f0900e8973b106b6f73cc1e9a8cb86f8db0"
  integrity sha1-jRRvCQDolzsQa29zzB6ajLhvjbA=
  dependencies:
    "@types/node" "*"
    merge-stream "^2.0.0"
    supports-color "^8.0.0"

json-parse-even-better-errors@^2.3.1:
  version "2.3.1"
  resolved "http://r.npm.sankuai.com/json-parse-even-better-errors/download/json-parse-even-better-errors-2.3.1.tgz#7c47805a94319928e05777405dc12e1f7a4ee02d"
  integrity sha1-fEeAWpQxmSjgV3dAXcEuH3pO4C0=

json-schema-traverse@^0.4.1:
  version "0.4.1"
  resolved "http://r.npm.sankuai.com/json-schema-traverse/download/json-schema-traverse-0.4.1.tgz#69f6a87d9513ab8bb8fe63bdb0979c448e684660"
  integrity sha1-afaofZUTq4u4/mO9sJecRI5oRmA=

loader-runner@^4.2.0:
  version "4.3.0"
  resolved "http://r.npm.sankuai.com/loader-runner/download/loader-runner-4.3.0.tgz#c1b4a163b99f614830353b16755e7149ac2314e1"
  integrity sha1-wbShY7mfYUgwNTsWdV5xSawjFOE=

merge-stream@^2.0.0:
  version "2.0.0"
  resolved "http://r.npm.sankuai.com/merge-stream/download/merge-stream-2.0.0.tgz#52823629a14dd00c9770fb6ad47dc6310f2c1f60"
  integrity sha1-UoI2KaFN0AyXcPtq1H3GMQ8sH2A=

mime-db@1.52.0:
  version "1.52.0"
  resolved "http://r.npm.sankuai.com/mime-db/download/mime-db-1.52.0.tgz#bbabcdc02859f4987301c856e3387ce5ec43bf70"
  integrity sha1-u6vNwChZ9JhzAchW4zh85exDv3A=

mime-types@^2.1.27:
  version "2.1.35"
  resolved "http://r.npm.sankuai.com/mime-types/download/mime-types-2.1.35.tgz#381a871b62a734450660ae3deee44813f70d959a"
  integrity sha1-OBqHG2KnNEUGYK497uRIE/cNlZo=
  dependencies:
    mime-db "1.52.0"

neo-async@^2.6.2:
  version "2.6.2"
  resolved "http://r.npm.sankuai.com/neo-async/download/neo-async-2.6.2.tgz#b4aafb93e3aeb2d8174ca53cf163ab7d7308305f"
  integrity sha1-tKr7k+OustgXTKU88WOrfXMIMF8=

node-releases@^2.0.6:
  version "2.0.6"
  resolved "http://r.npm.sankuai.com/node-releases/download/node-releases-2.0.6.tgz#8a7088c63a55e493845683ebf3c828d8c51c5503"
  integrity sha1-inCIxjpV5JOEVoPr88go2MUcVQM=

picocolors@^1.0.0:
  version "1.0.0"
  resolved "http://r.npm.sankuai.com/picocolors/download/picocolors-1.0.0.tgz#cb5bdc74ff3f51892236eaf79d68bc44564ab81c"
  integrity sha1-y1vcdP8/UYkiNur3nWi8RFZKuBw=

punycode@^2.1.0:
  version "2.1.1"
  resolved "http://r.npm.sankuai.com/punycode/download/punycode-2.1.1.tgz#b58b010ac40c22c5657616c8d2c2c02c7bf479ec"
  integrity sha1-tYsBCsQMIsVldhbI0sLALHv0eew=

randombytes@^2.1.0:
  version "2.1.0"
  resolved "http://r.npm.sankuai.com/randombytes/download/randombytes-2.1.0.tgz#df6f84372f0270dc65cdf6291349ab7a473d4f2a"
  integrity sha1-32+ENy8CcNxlzfYpE0mrekc9Tyo=
  dependencies:
    safe-buffer "^5.1.0"

safe-buffer@^5.1.0:
  version "5.2.1"
  resolved "http://r.npm.sankuai.com/safe-buffer/download/safe-buffer-5.2.1.tgz#1eaf9fa9bdb1fdd4ec75f58f9cdb4e6b7827eec6"
  integrity sha1-Hq+fqb2x/dTsdfWPnNtOa3gn7sY=

schema-utils@^3.1.0, schema-utils@^3.1.1:
  version "3.1.1"
  resolved "http://r.npm.sankuai.com/schema-utils/download/schema-utils-3.1.1.tgz#bc74c4b6b6995c1d88f76a8b77bea7219e0c8281"
  integrity sha1-vHTEtraZXB2I92qLd76nIZ4MgoE=
  dependencies:
    "@types/json-schema" "^7.0.8"
    ajv "^6.12.5"
    ajv-keywords "^3.5.2"

serialize-javascript@^6.0.0:
  version "6.0.0"
  resolved "http://r.npm.sankuai.com/serialize-javascript/download/serialize-javascript-6.0.0.tgz#efae5d88f45d7924141da8b5c3a7a7e663fefeb8"
  integrity sha1-765diPRdeSQUHai1w6en5mP+/rg=
  dependencies:
    randombytes "^2.1.0"

source-map-support@~0.5.20:
  version "0.5.21"
  resolved "http://r.npm.sankuai.com/source-map-support/download/source-map-support-0.5.21.tgz#04fe7c7f9e1ed2d662233c28cb2b35b9f63f6e4f"
  integrity sha1-BP58f54e0tZiIzwoyys1ufY/bk8=
  dependencies:
    buffer-from "^1.0.0"
    source-map "^0.6.0"

source-map@^0.6.0:
  version "0.6.1"
  resolved "http://r.npm.sankuai.com/source-map/download/source-map-0.6.1.tgz#74722af32e9614e9c287a8d0bbde48b5e2f1a263"
  integrity sha1-dHIq8y6WFOnCh6jQu95IteLxomM=

supports-color@^8.0.0:
  version "8.1.1"
  resolved "http://r.npm.sankuai.com/supports-color/download/supports-color-8.1.1.tgz#cd6fc17e28500cff56c1b86c0a7fd4a54a73005c"
  integrity sha1-zW/BfihQDP9WwbhsCn/UpUpzAFw=
  dependencies:
    has-flag "^4.0.0"

tapable@^2.1.1, tapable@^2.2.0:
  version "2.2.1"
  resolved "http://r.npm.sankuai.com/tapable/download/tapable-2.2.1.tgz#1967a73ef4060a82f12ab96af86d52fdb76eeca0"
  integrity sha1-GWenPvQGCoLxKrlq+G1S/bdu7KA=

terser-webpack-plugin@^5.1.3:
  version "5.3.3"
  resolved "http://r.npm.sankuai.com/terser-webpack-plugin/download/terser-webpack-plugin-5.3.3.tgz#8033db876dd5875487213e87c627bca323e5ed90"
  integrity sha1-gDPbh23Vh1SHIT6Hxie8oyPl7ZA=
  dependencies:
    "@jridgewell/trace-mapping" "^0.3.7"
    jest-worker "^27.4.5"
    schema-utils "^3.1.1"
    serialize-javascript "^6.0.0"
    terser "^5.7.2"

terser@^5.7.2:
  version "5.14.2"
  resolved "http://r.npm.sankuai.com/terser/download/terser-5.14.2.tgz#9ac9f22b06994d736174f4091aa368db896f1c10"
  integrity sha1-msnyKwaZTXNhdPQJGqNo24lvHBA=
  dependencies:
    "@jridgewell/source-map" "^0.3.2"
    acorn "^8.5.0"
    commander "^2.20.0"
    source-map-support "~0.5.20"

update-browserslist-db@^1.0.5:
  version "1.0.5"
  resolved "http://r.npm.sankuai.com/update-browserslist-db/download/update-browserslist-db-1.0.5.tgz#be06a5eedd62f107b7c19eb5bcefb194411abf38"
  integrity sha1-vgal7t1i8Qe3wZ61vO+xlEEavzg=
  dependencies:
    escalade "^3.1.1"
    picocolors "^1.0.0"

uri-js@^4.2.2:
  version "4.4.1"
  resolved "http://r.npm.sankuai.com/uri-js/download/uri-js-4.4.1.tgz#9b1a52595225859e55f669d928f88c6c57f2a77e"
  integrity sha1-mxpSWVIlhZ5V9mnZKPiMbFfyp34=
  dependencies:
    punycode "^2.1.0"

watchpack@^2.4.0:
  version "2.4.0"
  resolved "http://r.npm.sankuai.com/watchpack/download/watchpack-2.4.0.tgz#fa33032374962c78113f93c7f2fb4c54c9862a5d"
  integrity sha1-+jMDI3SWLHgRP5PH8vtMVMmGKl0=
  dependencies:
    glob-to-regexp "^0.4.1"
    graceful-fs "^4.1.2"

webpack-sources@^3.2.3:
  version "3.2.3"
  resolved "http://r.npm.sankuai.com/webpack-sources/download/webpack-sources-3.2.3.tgz#2d4daab8451fd4b240cc27055ff6a0c2ccea0cde"
  integrity sha1-LU2quEUf1LJAzCcFX/agwszqDN4=

webpack@^5.74.0:
  version "5.74.0"
  resolved "http://r.npm.sankuai.com/webpack/download/webpack-5.74.0.tgz#02a5dac19a17e0bb47093f2be67c695102a55980"
  integrity sha1-AqXawZoX4LtHCT8r5nxpUQKlWYA=
  dependencies:
    "@types/eslint-scope" "^3.7.3"
    "@types/estree" "^0.0.51"
    "@webassemblyjs/ast" "1.11.1"
    "@webassemblyjs/wasm-edit" "1.11.1"
    "@webassemblyjs/wasm-parser" "1.11.1"
    acorn "^8.7.1"
    acorn-import-assertions "^1.7.6"
    browserslist "^4.14.5"
    chrome-trace-event "^1.0.2"
    enhanced-resolve "^5.10.0"
    es-module-lexer "^0.9.0"
    eslint-scope "5.1.1"
    events "^3.2.0"
    glob-to-regexp "^0.4.1"
    graceful-fs "^4.2.9"
    json-parse-even-better-errors "^2.3.1"
    loader-runner "^4.2.0"
    mime-types "^2.1.27"
    neo-async "^2.6.2"
    schema-utils "^3.1.0"
    tapable "^2.1.1"
    terser-webpack-plugin "^5.1.3"
    watchpack "^2.4.0"
    webpack-sources "^3.2.3"
